// !$*UTF8*$!
{
	archiveVersion = 1;
	classes = {
	};
	objectVersion = 46;
	objects = {

/* Begin PBXBuildFile section */
		00F26F0317BA106F0031E803 /* UIKit.framework in Frameworks */ = {isa = PBXBuildFile; fileRef = 00F26F0217BA106F0031E803 /* UIKit.framework */; };
		00F26F0517BA106F0031E803 /* Foundation.framework in Frameworks */ = {isa = PBXBuildFile; fileRef = 00F26F0417BA106F0031E803 /* Foundation.framework */; };
		00F26F0717BA106F0031E803 /* CoreGraphics.framework in Frameworks */ = {isa = PBXBuildFile; fileRef = 00F26F0617BA106F0031E803 /* CoreGraphics.framework */; };
		00F26F0D17BA106F0031E803 /* InfoPlist.strings in Resources */ = {isa = PBXBuildFile; fileRef = 00F26F0B17BA106F0031E803 /* InfoPlist.strings */; };
		00F26F0F17BA106F0031E803 /* main.m in Sources */ = {isa = PBXBuildFile; fileRef = 00F26F0E17BA106F0031E803 /* main.m */; };
		00F26F1317BA106F0031E803 /* AppDelegate.m in Sources */ = {isa = PBXBuildFile; fileRef = 00F26F1217BA106F0031E803 /* AppDelegate.m */; };
		00F26F1517BA106F0031E803 /* Default.png in Resources */ = {isa = PBXBuildFile; fileRef = 00F26F1417BA106F0031E803 /* Default.png */; };
		00F26F1717BA106F0031E803 /* Default@2x.png in Resources */ = {isa = PBXBuildFile; fileRef = 00F26F1617BA106F0031E803 /* Default@2x.png */; };
		00F26F1917BA106F0031E803 /* Default-568h@2x.png in Resources */ = {isa = PBXBuildFile; fileRef = 00F26F1817BA106F0031E803 /* Default-568h@2x.png */; };
		00F26F1C17BA106F0031E803 /* ViewController.m in Sources */ = {isa = PBXBuildFile; fileRef = 00F26F1B17BA106F0031E803 /* ViewController.m */; };
		00F26F3317BA11150031E803 /* blackArrow.png in Resources */ = {isa = PBXBuildFile; fileRef = 00F26F2617BA11150031E803 /* blackArrow.png */; };
		00F26F3417BA11150031E803 /* blackArrow@2x.png in Resources */ = {isa = PBXBuildFile; fileRef = 00F26F2717BA11150031E803 /* blackArrow@2x.png */; };
		00F26F3517BA11150031E803 /* blueArrow.png in Resources */ = {isa = PBXBuildFile; fileRef = 00F26F2817BA11150031E803 /* blueArrow.png */; };
		00F26F3617BA11150031E803 /* blueArrow@2x.png in Resources */ = {isa = PBXBuildFile; fileRef = 00F26F2917BA11150031E803 /* blueArrow@2x.png */; };
		00F26F3717BA11150031E803 /* grayArrow.png in Resources */ = {isa = PBXBuildFile; fileRef = 00F26F2A17BA11150031E803 /* grayArrow.png */; };
		00F26F3817BA11150031E803 /* grayArrow@2x.png in Resources */ = {isa = PBXBuildFile; fileRef = 00F26F2B17BA11150031E803 /* grayArrow@2x.png */; };
		00F26F3917BA11150031E803 /* logo.png in Resources */ = {isa = PBXBuildFile; fileRef = 00F26F2C17BA11150031E803 /* logo.png */; };
		00F26F3A17BA11150031E803 /* CCRefreshTableViewController.m in Sources */ = {isa = PBXBuildFile; fileRef = 00F26F2F17BA11150031E803 /* CCRefreshTableViewController.m */; };
		00F26F3B17BA11150031E803 /* EGORefreshTableHeaderView.m in Sources */ = {isa = PBXBuildFile; fileRef = 00F26F3117BA11150031E803 /* EGORefreshTableHeaderView.m */; };
		00F26F3E17BA12060031E803 /* QuartzCore.framework in Frameworks */ = {isa = PBXBuildFile; fileRef = 00F26F3D17BA12060031E803 /* QuartzCore.framework */; };
		00F26F4017BA123E0031E803 /* ViewController.xib in Resources */ = {isa = PBXBuildFile; fileRef = 00F26F3F17BA123E0031E803 /* ViewController.xib */; };
/* End PBXBuildFile section */

/* Begin PBXFileReference section */
		00F26EFF17BA106F0031E803 /* CCRefreshTable.app */ = {isa = PBXFileReference; explicitFileType = wrapper.application; includeInIndex = 0; path = CCRefreshTable.app; sourceTree = BUILT_PRODUCTS_DIR; };
		00F26F0217BA106F0031E803 /* UIKit.framework */ = {isa = PBXFileReference; lastKnownFileType = wrapper.framework; name = UIKit.framework; path = System/Library/Frameworks/UIKit.framework; sourceTree = SDKROOT; };
		00F26F0417BA106F0031E803 /* Foundation.framework */ = {isa = PBXFileReference; lastKnownFileType = wrapper.framework; name = Foundation.framework; path = System/Library/Frameworks/Foundation.framework; sourceTree = SDKROOT; };
		00F26F0617BA106F0031E803 /* CoreGraphics.framework */ = {isa = PBXFileReference; lastKnownFileType = wrapper.framework; name = CoreGraphics.framework; path = System/Library/Frameworks/CoreGraphics.framework; sourceTree = SDKROOT; };
		00F26F0A17BA106F0031E803 /* CCRefreshTable-Info.plist */ = {isa = PBXFileReference; lastKnownFileType = text.plist.xml; path = "CCRefreshTable-Info.plist"; sourceTree = "<group>"; };
		00F26F0C17BA106F0031E803 /* en */ = {isa = PBXFileReference; lastKnownFileType = text.plist.strings; name = en; path = en.lproj/InfoPlist.strings; sourceTree = "<group>"; };
		00F26F0E17BA106F0031E803 /* main.m */ = {isa = PBXFileReference; lastKnownFileType = sourcecode.c.objc; path = main.m; sourceTree = "<group>"; };
		00F26F1017BA106F0031E803 /* CCRefreshTable-Prefix.pch */ = {isa = PBXFileReference; lastKnownFileType = sourcecode.c.h; path = "CCRefreshTable-Prefix.pch"; sourceTree = "<group>"; };
		00F26F1117BA106F0031E803 /* AppDelegate.h */ = {isa = PBXFileReference; lastKnownFileType = sourcecode.c.h; path = AppDelegate.h; sourceTree = "<group>"; };
		00F26F1217BA106F0031E803 /* AppDelegate.m */ = {isa = PBXFileReference; lastKnownFileType = sourcecode.c.objc; path = AppDelegate.m; sourceTree = "<group>"; };
		00F26F1417BA106F0031E803 /* Default.png */ = {isa = PBXFileReference; lastKnownFileType = image.png; path = Default.png; sourceTree = "<group>"; };
		00F26F1617BA106F0031E803 /* Default@2x.png */ = {isa = PBXFileReference; lastKnownFileType = image.png; path = "Default@2x.png"; sourceTree = "<group>"; };
		00F26F1817BA106F0031E803 /* Default-568h@2x.png */ = {isa = PBXFileReference; lastKnownFileType = image.png; path = "Default-568h@2x.png"; sourceTree = "<group>"; };
		00F26F1A17BA106F0031E803 /* ViewController.h */ = {isa = PBXFileReference; lastKnownFileType = sourcecode.c.h; path = ViewController.h; sourceTree = "<group>"; };
		00F26F1B17BA106F0031E803 /* ViewController.m */ = {isa = PBXFileReference; lastKnownFileType = sourcecode.c.objc; path = ViewController.m; sourceTree = "<group>"; };
		00F26F2617BA11150031E803 /* blackArrow.png */ = {isa = PBXFileReference; lastKnownFileType = image.png; path = blackArrow.png; sourceTree = "<group>"; };
		00F26F2717BA11150031E803 /* blackArrow@2x.png */ = {isa = PBXFileReference; lastKnownFileType = image.png; path = "blackArrow@2x.png"; sourceTree = "<group>"; };
		00F26F2817BA11150031E803 /* blueArrow.png */ = {isa = PBXFileReference; lastKnownFileType = image.png; path = blueArrow.png; sourceTree = "<group>"; };
		00F26F2917BA11150031E803 /* blueArrow@2x.png */ = {isa = PBXFileReference; lastKnownFileType = image.png; path = "blueArrow@2x.png"; sourceTree = "<group>"; };
		00F26F2A17BA11150031E803 /* grayArrow.png */ = {isa = PBXFileReference; lastKnownFileType = image.png; path = grayArrow.png; sourceTree = "<group>"; };
		00F26F2B17BA11150031E803 /* grayArrow@2x.png */ = {isa = PBXFileReference; lastKnownFileType = image.png; path = "grayArrow@2x.png"; sourceTree = "<group>"; };
		00F26F2C17BA11150031E803 /* logo.png */ = {isa = PBXFileReference; lastKnownFileType = image.png; path = logo.png; sourceTree = "<group>"; };
		00F26F2E17BA11150031E803 /* CCRefreshTableViewController.h */ = {isa = PBXFileReference; fileEncoding = 4; lastKnownFileType = sourcecode.c.h; path = CCRefreshTableViewController.h; sourceTree = "<group>"; };
		00F26F2F17BA11150031E803 /* CCRefreshTableViewController.m */ = {isa = PBXFileReference; fileEncoding = 4; lastKnownFileType = sourcecode.c.objc; path = CCRefreshTableViewController.m; sourceTree = "<group>"; };
		00F26F3017BA11150031E803 /* EGORefreshTableHeaderView.h */ = {isa = PBXFileReference; fileEncoding = 4; lastKnownFileType = sourcecode.c.h; path = EGORefreshTableHeaderView.h; sourceTree = "<group>"; };
		00F26F3117BA11150031E803 /* EGORefreshTableHeaderView.m */ = {isa = PBXFileReference; fileEncoding = 4; lastKnownFileType = sourcecode.c.objc; path = EGORefreshTableHeaderView.m; sourceTree = "<group>"; };
		00F26F3D17BA12060031E803 /* QuartzCore.framework */ = {isa = PBXFileReference; lastKnownFileType = wrapper.framework; name = QuartzCore.framework; path = System/Library/Frameworks/QuartzCore.framework; sourceTree = SDKROOT; };
		00F26F3F17BA123E0031E803 /* ViewController.xib */ = {isa = PBXFileReference; fileEncoding = 4; lastKnownFileType = file.xib; path = ViewController.xib; sourceTree = "<group>"; };
/* End PBXFileReference section */

/* Begin PBXFrameworksBuildPhase section */
		00F26EFC17BA106F0031E803 /* Frameworks */ = {
			isa = PBXFrameworksBuildPhase;
			buildActionMask = 2147483647;
			files = (
				00F26F3E17BA12060031E803 /* QuartzCore.framework in Frameworks */,
				00F26F0317BA106F0031E803 /* UIKit.framework in Frameworks */,
				00F26F0517BA106F0031E803 /* Foundation.framework in Frameworks */,
				00F26F0717BA106F0031E803 /* CoreGraphics.framework in Frameworks */,
			);
			runOnlyForDeploymentPostprocessing = 0;
		};
/* End PBXFrameworksBuildPhase section */

/* Begin PBXGroup section */
		00F26EF617BA106F0031E803 = {
			isa = PBXGroup;
			children = (
				00F26F0817BA106F0031E803 /* CCRefreshTable */,
				00F26F0117BA106F0031E803 /* Frameworks */,
				00F26F0017BA106F0031E803 /* Products */,
			);
			sourceTree = "<group>";
		};
		00F26F0017BA106F0031E803 /* Products */ = {
			isa = PBXGroup;
			children = (
				00F26EFF17BA106F0031E803 /* CCRefreshTable.app */,
			);
			name = Products;
			sourceTree = "<group>";
		};
		00F26F0117BA106F0031E803 /* Frameworks */ = {
			isa = PBXGroup;
			children = (
				00F26F3D17BA12060031E803 /* QuartzCore.framework */,
				00F26F0217BA106F0031E803 /* UIKit.framework */,
				00F26F0417BA106F0031E803 /* Foundation.framework */,
				00F26F0617BA106F0031E803 /* CoreGraphics.framework */,
			);
			name = Frameworks;
			sourceTree = "<group>";
		};
		00F26F0817BA106F0031E803 /* CCRefreshTable */ = {
			isa = PBXGroup;
			children = (
				00F26F2517BA11150031E803 /* img */,
				00F26F2D17BA11150031E803 /* RefreshTableHeaderView */,
				00F26F1117BA106F0031E803 /* AppDelegate.h */,
				00F26F1217BA106F0031E803 /* AppDelegate.m */,
				00F26F1A17BA106F0031E803 /* ViewController.h */,
				00F26F1B17BA106F0031E803 /* ViewController.m */,
				00F26F3F17BA123E0031E803 /* ViewController.xib */,
				00F26F0917BA106F0031E803 /* Supporting Files */,
			);
			path = CCRefreshTable;
			sourceTree = "<group>";
		};
		00F26F0917BA106F0031E803 /* Supporting Files */ = {
			isa = PBXGroup;
			children = (
				00F26F0A17BA106F0031E803 /* CCRefreshTable-Info.plist */,
				00F26F0B17BA106F0031E803 /* InfoPlist.strings */,
				00F26F0E17BA106F0031E803 /* main.m */,
				00F26F1017BA106F0031E803 /* CCRefreshTable-Prefix.pch */,
				00F26F1417BA106F0031E803 /* Default.png */,
				00F26F1617BA106F0031E803 /* Default@2x.png */,
				00F26F1817BA106F0031E803 /* Default-568h@2x.png */,
			);
			name = "Supporting Files";
			sourceTree = "<group>";
		};
		00F26F2517BA11150031E803 /* img */ = {
			isa = PBXGroup;
			children = (
				00F26F2617BA11150031E803 /* blackArrow.png */,
				00F26F2717BA11150031E803 /* blackArrow@2x.png */,
				00F26F2817BA11150031E803 /* blueArrow.png */,
				00F26F2917BA11150031E803 /* blueArrow@2x.png */,
				00F26F2A17BA11150031E803 /* grayArrow.png */,
				00F26F2B17BA11150031E803 /* grayArrow@2x.png */,
				00F26F2C17BA11150031E803 /* logo.png */,
			);
			path = img;
			sourceTree = "<group>";
		};
		00F26F2D17BA11150031E803 /* RefreshTableHeaderView */ = {
			isa = PBXGroup;
			children = (
				00F26F2E17BA11150031E803 /* CCRefreshTableViewController.h */,
				00F26F2F17BA11150031E803 /* CCRefreshTableViewController.m */,
				00F26F3017BA11150031E803 /* EGORefreshTableHeaderView.h */,
				00F26F3117BA11150031E803 /* EGORefreshTableHeaderView.m */,
			);
			path = RefreshTableHeaderView;
			sourceTree = "<group>";
		};
/* End PBXGroup section */

/* Begin PBXNativeTarget section */
		00F26EFE17BA106F0031E803 /* CCRefreshTable */ = {
			isa = PBXNativeTarget;
			buildConfigurationList = 00F26F2217BA106F0031E803 /* Build configuration list for PBXNativeTarget "CCRefreshTable" */;
			buildPhases = (
				00F26EFB17BA106F0031E803 /* Sources */,
				00F26EFC17BA106F0031E803 /* Frameworks */,
				00F26EFD17BA106F0031E803 /* Resources */,
			);
			buildRules = (
			);
			dependencies = (
			);
			name = CCRefreshTable;
			productName = CCRefreshTable;
			productReference = 00F26EFF17BA106F0031E803 /* CCRefreshTable.app */;
			productType = "com.apple.product-type.application";
		};
/* End PBXNativeTarget section */

/* Begin PBXProject section */
		00F26EF717BA106F0031E803 /* Project object */ = {
			isa = PBXProject;
			attributes = {
				LastUpgradeCheck = 0460;
				ORGANIZATIONNAME = Robin;
			};
			buildConfigurationList = 00F26EFA17BA106F0031E803 /* Build configuration list for PBXProject "CCRefreshTable" */;
			compatibilityVersion = "Xcode 3.2";
			developmentRegion = English;
			hasScannedForEncodings = 0;
			knownRegions = (
				en,
			);
			mainGroup = 00F26EF617BA106F0031E803;
			productRefGroup = 00F26F0017BA106F0031E803 /* Products */;
			projectDirPath = "";
			projectRoot = "";
			targets = (
				00F26EFE17BA106F0031E803 /* CCRefreshTable */,
			);
		};
/* End PBXProject section */

/* Begin PBXResourcesBuildPhase section */
		00F26EFD17BA106F0031E803 /* Resources */ = {
			isa = PBXResourcesBuildPhase;
			buildActionMask = 2147483647;
			files = (
				00F26F0D17BA106F0031E803 /* InfoPlist.strings in Resources */,
				00F26F1517BA106F0031E803 /* Default.png in Resources */,
				00F26F1717BA106F0031E803 /* Default@2x.png in Resources */,
				00F26F1917BA106F0031E803 /* Default-568h@2x.png in Resources */,
				00F26F3317BA11150031E803 /* blackArrow.png in Resources */,
				00F26F3417BA11150031E803 /* blackArrow@2x.png in Resources */,
				00F26F3517BA11150031E803 /* blueArrow.png in Resources */,
				00F26F3617BA11150031E803 /* blueArrow@2x.png in Resources */,
				00F26F3717BA11150031E803 /* grayArrow.png in Resources */,
				00F26F3817BA11150031E803 /* grayArrow@2x.png in Resources */,
				00F26F3917BA11150031E803 /* logo.png in Resources */,
				00F26F4017BA123E0031E803 /* ViewController.xib in Resources */,
			);
			runOnlyForDeploymentPostprocessing = 0;
		};
/* End PBXResourcesBuildPhase section */

/* Begin PBXSourcesBuildPhase section */
		00F26EFB17BA106F0031E803 /* Sources */ = {
			isa = PBXSourcesBuildPhase;
			buildActionMask = 2147483647;
			files = (
				00F26F0F17BA106F0031E803 /* main.m in Sources */,
				00F26F1317BA106F0031E803 /* AppDelegate.m in Sources */,
				00F26F1C17BA106F0031E803 /* ViewController.m in Sources */,
				00F26F3A17BA11150031E803 /* CCRefreshTableViewController.m in Sources */,
				00F26F3B17BA11150031E803 /* EGORefreshTableHeaderView.m in Sources */,
			);
			runOnlyForDeploymentPostprocessing = 0;
		};
/* End PBXSourcesBuildPhase section */

/* Begin PBXVariantGroup section */
		00F26F0B17BA106F0031E803 /* InfoPlist.strings */ = {
			isa = PBXVariantGroup;
			children = (
				00F26F0C17BA106F0031E803 /* en */,
			);
			name = InfoPlist.strings;
			sourceTree = "<group>";
		};
/* End PBXVariantGroup section */

/* Begin XCBuildConfiguration section */
		00F26F2017BA106F0031E803 /* Debug */ = {
			isa = XCBuildConfiguration;
			buildSettings = {
				ALWAYS_SEARCH_USER_PATHS = NO;
				CLANG_CXX_LANGUAGE_STANDARD = "gnu++0x";
				CLANG_CXX_LIBRARY = "libc++";
				CLANG_WARN_CONSTANT_CONVERSION = YES;
				CLANG_WARN_EMPTY_BODY = YES;
				CLANG_WARN_ENUM_CONVERSION = YES;
				CLANG_WARN_INT_CONVERSION = YES;
				CLANG_WARN__DUPLICATE_METHOD_MATCH = YES;
				"CODE_SIGN_IDENTITY[sdk=iphoneos*]" = "iPhone Developer";
				COPY_PHASE_STRIP = NO;
				GCC_C_LANGUAGE_STANDARD = gnu99;
				GCC_DYNAMIC_NO_PIC = NO;
				GCC_OPTIMIZATION_LEVEL = 0;
				GCC_PREPROCESSOR_DEFINITIONS = (
					"DEBUG=1",
					"$(inherited)",
				);
				GCC_SYMBOLS_PRIVATE_EXTERN = NO;
				GCC_WARN_ABOUT_RETURN_TYPE = YES;
				GCC_WARN_UNINITIALIZED_AUTOS = YES;
				GCC_WARN_UNUSED_VARIABLE = YES;
				IPHONEOS_DEPLOYMENT_TARGET = 6.1;
				ONLY_ACTIVE_ARCH = YES;
				SDKROOT = iphoneos;
			};
			name = Debug;
		};
		00F26F2117BA106F0031E803 /* Release */ = {
			isa = XCBuildConfiguration;
			buildSettings = {
				ALWAYS_SEARCH_USER_PATHS = NO;
				CLANG_CXX_LANGUAGE_STANDARD = "gnu++0x";
				CLANG_CXX_LIBRARY = "libc++";
				CLANG_WARN_CONSTANT_CONVERSION = YES;
				CLANG_WARN_EMPTY_BODY = YES;
				CLANG_WARN_ENUM_CONVERSION = YES;
				CLANG_WARN_INT_CONVERSION = YES;
				CLANG_WARN__DUPLICATE_METHOD_MATCH = YES;
				"CODE_SIGN_IDENTITY[sdk=iphoneos*]" = "iPhone Developer";
				COPY_PHASE_STRIP = YES;
				GCC_C_LANGUAGE_STANDARD = gnu99;
				GCC_WARN_ABOUT_RETURN_TYPE = YES;
				GCC_WARN_UNINITIALIZED_AUTOS = YES;
				GCC_WARN_UNUSED_VARIABLE = YES;
				IPHONEOS_DEPLOYMENT_TARGET = 6.1;
				OTHER_CFLAGS = "-DNS_BLOCK_ASSERTIONS=1";
				SDKROOT = iphoneos;
				VALIDATE_PRODUCT = YES;
			};
			name = Release;
		};
		00F26F2317BA106F0031E803 /* Debug */ = {
			isa = XCBuildConfiguration;
			buildSettings = {
				GCC_PRECOMPILE_PREFIX_HEADER = YES;
				GCC_PREFIX_HEADER = "CCRefreshTable/CCRefreshTable-Prefix.pch";
				INFOPLIST_FILE = "CCRefreshTable/CCRefreshTable-Info.plist";
				PRODUCT_NAME = "$(TARGET_NAME)";
				WRAPPER_EXTENSION = app;
			};
			name = Debug;
		};
		00F26F2417BA106F0031E803 /* Release */ = {
			isa = XCBuildConfiguration;
			buildSettings = {
				GCC_PRECOMPILE_PREFIX_HEADER = YES;
				GCC_PREFIX_HEADER = "CCRefreshTable/CCRefreshTable-Prefix.pch";
				INFOPLIST_FILE = "CCRefreshTable/CCRefreshTable-Info.plist";
				PRODUCT_NAME = "$(TARGET_NAME)";
				WRAPPER_EXTENSION = app;
			};
			name = Release;
		};
/* End XCBuildConfiguration section */

/* Begin XCConfigurationList section */
		00F26EFA17BA106F0031E803 /* Build configuration list for PBXProject "CCRefreshTable" */ = {
			isa = XCConfigurationList;
			buildConfigurations = (
				00F26F2017BA106F0031E803 /* Debug */,
				00F26F2117BA106F0031E803 /* Release */,
			);
			defaultConfigurationIsVisible = 0;
			defaultConfigurationName = Release;
		};
		00F26F2217BA106F0031E803 /* Build configuration list for PBXNativeTarget "CCRefreshTable" */ = {
			isa = XCConfigurationList;
			buildConfigurations = (
				00F26F2317BA106F0031E803 /* Debug */,
				00F26F2417BA106F0031E803 /* Release */,
			);
			defaultConfigurationIsVisible = 0;
		};
/* End XCConfigurationList section */
	};
	rootObject = 00F26EF717BA106F0031E803 /* Project object */;
}
